
Microsoft Visual Studio Solution File, Format Version 12.00
# Visual Studio 15
VisualStudioVersion = 15.0.28307.168
MinimumVisualStudioVersion = 10.0.40219.1
Project("{9A19103F-16F7-4668-BE54-9A1E7A4F7556}") = "EarlyBookingService.WebAPI", "EarlyBookingService.WebAPI\EarlyBookingService.WebAPI.csproj", "{0FD89BDD-4091-4D97-817E-9EBCF96716E3}"
EndProject
Project("{FAE04EC0-301F-11D3-BF4B-00C04F79EFBC}") = "EarlyBookingService.Lib", "EarlyBookingService.Lib\EarlyBookingService.Lib.csproj", "{607F7B25-C1B5-4360-8C4B-CFACF2D2FD03}"
EndProject
Project("{FAE04EC0-301F-11D3-BF4B-00C04F79EFBC}") = "EarlyBookingService.MVC", "EarlyBookingService.MVC\EarlyBookingService.MVC.csproj", "{2609AFBA-8950-444B-BDED-86BEFE9206B3}"
EndProject
Global
	GlobalSection(SolutionConfigurationPlatforms) = preSolution
		Debug|Any CPU = Debug|Any CPU
		Release|Any CPU = Release|Any CPU
	EndGlobalSection
	GlobalSection(ProjectConfigurationPlatforms) = postSolution
		{0FD89BDD-4091-4D97-817E-9EBCF96716E3}.Debug|Any CPU.ActiveCfg = Debug|Any CPU
		{0FD89BDD-4091-4D97-817E-9EBCF96716E3}.Debug|Any CPU.Build.0 = Debug|Any CPU
		{0FD89BDD-4091-4D97-817E-9EBCF96716E3}.Release|Any CPU.ActiveCfg = Release|Any CPU
		{0FD89BDD-4091-4D97-817E-9EBCF96716E3}.Release|Any CPU.Build.0 = Release|Any CPU
		{607F7B25-C1B5-4360-8C4B-CFACF2D2FD03}.Debug|Any CPU.ActiveCfg = Debug|Any CPU
		{607F7B25-C1B5-4360-8C4B-CFACF2D2FD03}.Debug|Any CPU.Build.0 = Debug|Any CPU
		{607F7B25-C1B5-4360-8C4B-CFACF2D2FD03}.Release|Any CPU.ActiveCfg = Release|Any CPU
		{607F7B25-C1B5-4360-8C4B-CFACF2D2FD03}.Release|Any CPU.Build.0 = Release|Any CPU
		{2609AFBA-8950-444B-BDED-86BEFE9206B3}.Debug|Any CPU.ActiveCfg = Debug|Any CPU
		{2609AFBA-8950-444B-BDED-86BEFE9206B3}.Debug|Any CPU.Build.0 = Debug|Any CPU
		{2609AFBA-8950-444B-BDED-86BEFE9206B3}.Release|Any CPU.ActiveCfg = Release|Any CPU
		{2609AFBA-8950-444B-BDED-86BEFE9206B3}.Release|Any CPU.Build.0 = Release|Any CPU
	EndGlobalSection
	GlobalSection(SolutionProperties) = preSolution
		HideSolutionNode = FALSE
	EndGlobalSection
	GlobalSection(ExtensibilityGlobals) = postSolution
		SolutionGuid = {257A3F86-3086-4770-93AE-3D08126A8646}
	EndGlobalSection
EndGlobal
